// !$*UTF8*$!
{
	archiveVersion = 1;
	classes = {
	};
	objectVersion = 77;
	objects = {

/* Begin PBXBuildFile section */
		0B9711428BD2D0A840DACA1D /* TestApp.swift in Sources */ = {isa = PBXBuildFile; fileRef = F95EB53C4978FC311802526E /* TestApp.swift */; };
		7C681A137AB0D169C5FD3803 /* TestApp.swift in Sources */ = {isa = PBXBuildFile; fileRef = F95EB53C4978FC311802526E /* TestApp.swift */; };
		87B4CA370D8FAB84EDCE42DB /* InfoA.plist in Resources */ = {isa = PBXBuildFile; fileRef = 3A5C4D8A8EBA1639C277A676 /* InfoA.plist */; };
		F4F4DB4DDADF419B448E7153 /* InfoB.plist in Resources */ = {isa = PBXBuildFile; fileRef = 4E4B7FAA4CF3C683AAD136D4 /* InfoB.plist */; };
/* End PBXBuildFile section */

/* Begin PBXFileReference section */
		3A5C4D8A8EBA1639C277A676 /* InfoA.plist */ = {isa = PBXFileReference; lastKnownFileType = text.plist; path = InfoA.plist; sourceTree = "<group>"; };
		4E4B7FAA4CF3C683AAD136D4 /* InfoB.plist */ = {isa = PBXFileReference; lastKnownFileType = text.plist; path = InfoB.plist; sourceTree = "<group>"; };
		719EBE830DA326D134120B75 /* SemiTestA.app */ = {isa = PBXFileReference; explicitFileType = wrapper.application; includeInIndex = 0; path = SemiTestA.app; sourceTree = BUILT_PRODUCTS_DIR; };
		DBAC92D1E6E220209F9A89B8 /* SemiTestB.app */ = {isa = PBXFileReference; explicitFileType = wrapper.application; includeInIndex = 0; path = SemiTestB.app; sourceTree = BUILT_PRODUCTS_DIR; };
		F95EB53C4978FC311802526E /* TestApp.swift */ = {isa = PBXFileReference; lastKnownFileType = sourcecode.swift; path = TestApp.swift; sourceTree = "<group>"; };
/* End PBXFileReference section */

/* Begin PBXGroup section */
		08D8C7181CE83EDABBEF7C5B = {
			isa = PBXGroup;
			children = (
				3EC69956E5320142698CDB73 /* TestApp */,
				BCE80B6FF469D419041D43A9 /* Products */,
			);
			sourceTree = "<group>";
		};
		3EC69956E5320142698CDB73 /* TestApp */ = {
			isa = PBXGroup;
			children = (
				3A5C4D8A8EBA1639C277A676 /* InfoA.plist */,
				4E4B7FAA4CF3C683AAD136D4 /* InfoB.plist */,
				F95EB53C4978FC311802526E /* TestApp.swift */,
			);
			path = TestApp;
			sourceTree = "<group>";
		};
		BCE80B6FF469D419041D43A9 /* Products */ = {
			isa = PBXGroup;
			children = (
				719EBE830DA326D134120B75 /* SemiTestA.app */,
				DBAC92D1E6E220209F9A89B8 /* SemiTestB.app */,
			);
			name = Products;
			sourceTree = "<group>";
		};
/* End PBXGroup section */

/* Begin PBXNativeTarget section */
		2A4AEADD2EAB67A0E286DD9D /* SemiTestB */ = {
			isa = PBXNativeTarget;
			buildConfigurationList = BFE4B5CAA4B14C23E2C2DAA2 /* Build configuration list for PBXNativeTarget "SemiTestB" */;
			buildPhases = (
				71CF32B584AC79B13B942767 /* Sources */,
				AE31DA931D67335AB7217943 /* Resources */,
			);
			buildRules = (
			);
			dependencies = (
			);
			name = SemiTestB;
			packageProductDependencies = (
			);
			productName = SemiTestB;
			productReference = DBAC92D1E6E220209F9A89B8 /* SemiTestB.app */;
			productType = "com.apple.product-type.application";
		};
		E2000EF9E03753ECF2058D27 /* SemiTestA */ = {
			isa = PBXNativeTarget;
			buildConfigurationList = EA6E9B0F3A72CC4C6ADFF422 /* Build configuration list for PBXNativeTarget "SemiTestA" */;
			buildPhases = (
				E860B3F171D9203DF9E7B8A4 /* Sources */,
				226E77CF4F59A31C370E67D9 /* Resources */,
			);
			buildRules = (
			);
			dependencies = (
			);
			name = SemiTestA;
			packageProductDependencies = (
			);
			productName = SemiTestA;
			productReference = 719EBE830DA326D134120B75 /* SemiTestA.app */;
			productType = "com.apple.product-type.application";
		};
/* End PBXNativeTarget section */

/* Begin PBXProject section */
		3A78207CEA4F19CBF69EA232 /* Project object */ = {
			isa = PBXProject;
			attributes = {
				BuildIndependentTargetsInParallel = YES;
				LastUpgradeCheck = 1430;
				TargetAttributes = {
					2A4AEADD2EAB67A0E286DD9D = {
						ProvisioningStyle = Manual;
					};
					E2000EF9E03753ECF2058D27 = {
						ProvisioningStyle = Manual;
					};
				};
			};
			buildConfigurationList = B038FC9D6120A2E5E2500AEB /* Build configuration list for PBXProject "semi-test" */;
			developmentRegion = en;
			hasScannedForEncodings = 0;
			knownRegions = (
				Base,
				en,
			);
			mainGroup = 08D8C7181CE83EDABBEF7C5B;
			minimizedProjectReferenceProxies = 1;
			preferredProjectObjectVersion = 77;
			productRefGroup = BCE80B6FF469D419041D43A9 /* Products */;
			projectDirPath = "";
			projectRoot = "";
			targets = (
				E2000EF9E03753ECF2058D27 /* SemiTestA */,
				2A4AEADD2EAB67A0E286DD9D /* SemiTestB */,
			);
		};
/* End PBXProject section */

/* Begin PBXResourcesBuildPhase section */
		226E77CF4F59A31C370E67D9 /* Resources */ = {
			isa = PBXResourcesBuildPhase;
			buildActionMask = 2147483647;
			files = (
				F4F4DB4DDADF419B448E7153 /* InfoB.plist in Resources */,
			);
			runOnlyForDeploymentPostprocessing = 0;
		};
		AE31DA931D67335AB7217943 /* Resources */ = {
			isa = PBXResourcesBuildPhase;
			buildActionMask = 2147483647;
			files = (
				87B4CA370D8FAB84EDCE42DB /* InfoA.plist in Resources */,
			);
			runOnlyForDeploymentPostprocessing = 0;
		};
/* End PBXResourcesBuildPhase section */

/* Begin PBXSourcesBuildPhase section */
		71CF32B584AC79B13B942767 /* Sources */ = {
			isa = PBXSourcesBuildPhase;
			buildActionMask = 2147483647;
			files = (
				7C681A137AB0D169C5FD3803 /* TestApp.swift in Sources */,
			);
			runOnlyForDeploymentPostprocessing = 0;
		};
		E860B3F171D9203DF9E7B8A4 /* Sources */ = {
			isa = PBXSourcesBuildPhase;
			buildActionMask = 2147483647;
			files = (
				0B9711428BD2D0A840DACA1D /* TestApp.swift in Sources */,
			);
			runOnlyForDeploymentPostprocessing = 0;
		};
/* End PBXSourcesBuildPhase section */

/* Begin XCBuildConfiguration section */
		1D8A4049E71A1071F25E3077 /* Debug */ = {
			isa = XCBuildConfiguration;
			buildSettings = {
				ASSETCATALOG_COMPILER_APPICON_NAME = AppIcon;
				CODE_SIGN_IDENTITY = "-";
				CODE_SIGN_STYLE = Manual;
				COMBINE_HIDPI_IMAGES = YES;
				INFOPLIST_FILE = TestApp/InfoB.plist;
				LD_RUNPATH_SEARCH_PATHS = (
					"$(inherited)",
					"@executable_path/../Frameworks",
				);
				PRODUCT_BUNDLE_IDENTIFIER = com.semivpn.test.b;
				PRODUCT_NAME = SemiTestB;
				SDKROOT = macosx;
				SWIFT_VERSION = 5.9;
			};
			name = Debug;
		};
		3A8D525A459AFEF149B6DC42 /* Release */ = {
			isa = XCBuildConfiguration;
			buildSettings = {
				ASSETCATALOG_COMPILER_APPICON_NAME = AppIcon;
				CODE_SIGN_IDENTITY = "-";
				CODE_SIGN_STYLE = Manual;
				COMBINE_HIDPI_IMAGES = YES;
				INFOPLIST_FILE = TestApp/InfoB.plist;
				LD_RUNPATH_SEARCH_PATHS = (
					"$(inherited)",
					"@executable_path/../Frameworks",
				);
				PRODUCT_BUNDLE_IDENTIFIER = com.semivpn.test.b;
				PRODUCT_NAME = SemiTestB;
				SDKROOT = macosx;
				SWIFT_VERSION = 5.9;
			};
			name = Release;
		};
		3B4AF6D7F0C208E1FC25D758 /* Release */ = {
			isa = XCBuildConfiguration;
			buildSettings = {
				ASSETCATALOG_COMPILER_APPICON_NAME = AppIcon;
				CODE_SIGN_IDENTITY = "-";
				CODE_SIGN_STYLE = Manual;
				COMBINE_HIDPI_IMAGES = YES;
				INFOPLIST_FILE = TestApp/InfoA.plist;
				LD_RUNPATH_SEARCH_PATHS = (
					"$(inherited)",
					"@executable_path/../Frameworks",
				);
				PRODUCT_BUNDLE_IDENTIFIER = com.semivpn.test.a;
				PRODUCT_NAME = SemiTestA;
				SDKROOT = macosx;
				SWIFT_VERSION = 5.9;
			};
			name = Release;
		};
		8767A44EBC9B44A8665EDF14 /* Debug */ = {
			isa = XCBuildConfiguration;
			buildSettings = {
				ASSETCATALOG_COMPILER_APPICON_NAME = AppIcon;
				CODE_SIGN_IDENTITY = "-";
				CODE_SIGN_STYLE = Manual;
				COMBINE_HIDPI_IMAGES = YES;
				INFOPLIST_FILE = TestApp/InfoA.plist;
				LD_RUNPATH_SEARCH_PATHS = (
					"$(inherited)",
					"@executable_path/../Frameworks",
				);
				PRODUCT_BUNDLE_IDENTIFIER = com.semivpn.test.a;
				PRODUCT_NAME = SemiTestA;
				SDKROOT = macosx;
				SWIFT_VERSION = 5.9;
			};
			name = Debug;
		};
		A98A5B02356CA91777CD0E9F /* Release */ = {
			isa = XCBuildConfiguration;
			buildSettings = {
				ALWAYS_SEARCH_USER_PATHS = NO;
				CLANG_ANALYZER_NONNULL = YES;
				CLANG_ANALYZER_NUMBER_OBJECT_CONVERSION = YES_AGGRESSIVE;
				CLANG_CXX_LANGUAGE_STANDARD = "gnu++14";
				CLANG_CXX_LIBRARY = "libc++";
				CLANG_ENABLE_MODULES = YES;
				CLANG_ENABLE_OBJC_ARC = YES;
				CLANG_ENABLE_OBJC_WEAK = YES;
				CLANG_WARN_BLOCK_CAPTURE_AUTORELEASING = YES;
				CLANG_WARN_BOOL_CONVERSION = YES;
				CLANG_WARN_COMMA = YES;
				CLANG_WARN_CONSTANT_CONVERSION = YES;
				CLANG_WARN_DEPRECATED_OBJC_IMPLEMENTATIONS = YES;
				CLANG_WARN_DIRECT_OBJC_ISA_USAGE = YES_ERROR;
				CLANG_WARN_DOCUMENTATION_COMMENTS = YES;
				CLANG_WARN_EMPTY_BODY = YES;
				CLANG_WARN_ENUM_CONVERSION = YES;
				CLANG_WARN_INFINITE_RECURSION = YES;
				CLANG_WARN_INT_CONVERSION = YES;
				CLANG_WARN_NON_LITERAL_NULL_CONVERSION = YES;
				CLANG_WARN_OBJC_IMPLICIT_RETAIN_SELF = YES;
				CLANG_WARN_OBJC_LITERAL_CONVERSION = YES;
				CLANG_WARN_OBJC_ROOT_CLASS = YES_ERROR;
				CLANG_WARN_QUOTED_INCLUDE_IN_FRAMEWORK_HEADER = YES;
				CLANG_WARN_RANGE_LOOP_ANALYSIS = YES;
				CLANG_WARN_STRICT_PROTOTYPES = YES;
				CLANG_WARN_SUSPICIOUS_MOVE = YES;
				CLANG_WARN_UNGUARDED_AVAILABILITY = YES_AGGRESSIVE;
				CLANG_WARN_UNREACHABLE_CODE = YES;
				CLANG_WARN__DUPLICATE_METHOD_MATCH = YES;
				COPY_PHASE_STRIP = NO;
				DEBUG_INFORMATION_FORMAT = "dwarf-with-dsym";
				ENABLE_NS_ASSERTIONS = NO;
				ENABLE_STRICT_OBJC_MSGSEND = YES;
				GCC_C_LANGUAGE_STANDARD = gnu11;
				GCC_NO_COMMON_BLOCKS = YES;
				GCC_WARN_64_TO_32_BIT_CONVERSION = YES;
				GCC_WARN_ABOUT_RETURN_TYPE = YES_ERROR;
				GCC_WARN_UNDECLARED_SELECTOR = YES;
				GCC_WARN_UNINITIALIZED_AUTOS = YES_AGGRESSIVE;
				GCC_WARN_UNUSED_FUNCTION = YES;
				GCC_WARN_UNUSED_VARIABLE = YES;
				MACOSX_DEPLOYMENT_TARGET = 14.0;
				MTL_ENABLE_DEBUG_INFO = NO;
				MTL_FAST_MATH = YES;
				PRODUCT_NAME = "$(TARGET_NAME)";
				SDKROOT = macosx;
				SWIFT_COMPILATION_MODE = wholemodule;
				SWIFT_OPTIMIZATION_LEVEL = "-O";
				SWIFT_VERSION = 5.0;
			};
			name = Release;
		};
		FC35643C815239657418D8C7 /* Debug */ = {
			isa = XCBuildConfiguration;
			buildSettings = {
				ALWAYS_SEARCH_USER_PATHS = NO;
				CLANG_ANALYZER_NONNULL = YES;
				CLANG_ANALYZER_NUMBER_OBJECT_CONVERSION = YES_AGGRESSIVE;
				CLANG_CXX_LANGUAGE_STANDARD = "gnu++14";
				CLANG_CXX_LIBRARY = "libc++";
				CLANG_ENABLE_MODULES = YES;
				CLANG_ENABLE_OBJC_ARC = YES;
				CLANG_ENABLE_OBJC_WEAK = YES;
				CLANG_WARN_BLOCK_CAPTURE_AUTORELEASING = YES;
				CLANG_WARN_BOOL_CONVERSION = YES;
				CLANG_WARN_COMMA = YES;
				CLANG_WARN_CONSTANT_CONVERSION = YES;
				CLANG_WARN_DEPRECATED_OBJC_IMPLEMENTATIONS = YES;
				CLANG_WARN_DIRECT_OBJC_ISA_USAGE = YES_ERROR;
				CLANG_WARN_DOCUMENTATION_COMMENTS = YES;
				CLANG_WARN_EMPTY_BODY = YES;
				CLANG_WARN_ENUM_CONVERSION = YES;
				CLANG_WARN_INFINITE_RECURSION = YES;
				CLANG_WARN_INT_CONVERSION = YES;
				CLANG_WARN_NON_LITERAL_NULL_CONVERSION = YES;
				CLANG_WARN_OBJC_IMPLICIT_RETAIN_SELF = YES;
				CLANG_WARN_OBJC_LITERAL_CONVERSION = YES;
				CLANG_WARN_OBJC_ROOT_CLASS = YES_ERROR;
				CLANG_WARN_QUOTED_INCLUDE_IN_FRAMEWORK_HEADER = YES;
				CLANG_WARN_RANGE_LOOP_ANALYSIS = YES;
				CLANG_WARN_STRICT_PROTOTYPES = YES;
				CLANG_WARN_SUSPICIOUS_MOVE = YES;
				CLANG_WARN_UNGUARDED_AVAILABILITY = YES_AGGRESSIVE;
				CLANG_WARN_UNREACHABLE_CODE = YES;
				CLANG_WARN__DUPLICATE_METHOD_MATCH = YES;
				COPY_PHASE_STRIP = NO;
				DEBUG_INFORMATION_FORMAT = dwarf;
				ENABLE_STRICT_OBJC_MSGSEND = YES;
				ENABLE_TESTABILITY = YES;
				GCC_C_LANGUAGE_STANDARD = gnu11;
				GCC_DYNAMIC_NO_PIC = NO;
				GCC_NO_COMMON_BLOCKS = YES;
				GCC_OPTIMIZATION_LEVEL = 0;
				GCC_PREPROCESSOR_DEFINITIONS = (
					"$(inherited)",
					"DEBUG=1",
				);
				GCC_WARN_64_TO_32_BIT_CONVERSION = YES;
				GCC_WARN_ABOUT_RETURN_TYPE = YES_ERROR;
				GCC_WARN_UNDECLARED_SELECTOR = YES;
				GCC_WARN_UNINITIALIZED_AUTOS = YES_AGGRESSIVE;
				GCC_WARN_UNUSED_FUNCTION = YES;
				GCC_WARN_UNUSED_VARIABLE = YES;
				MACOSX_DEPLOYMENT_TARGET = 14.0;
				MTL_ENABLE_DEBUG_INFO = INCLUDE_SOURCE;
				MTL_FAST_MATH = YES;
				ONLY_ACTIVE_ARCH = YES;
				PRODUCT_NAME = "$(TARGET_NAME)";
				SDKROOT = macosx;
				SWIFT_ACTIVE_COMPILATION_CONDITIONS = DEBUG;
				SWIFT_OPTIMIZATION_LEVEL = "-Onone";
				SWIFT_VERSION = 5.0;
			};
			name = Debug;
		};
/* End XCBuildConfiguration section */

/* Begin XCConfigurationList section */
		B038FC9D6120A2E5E2500AEB /* Build configuration list for PBXProject "semi-test" */ = {
			isa = XCConfigurationList;
			buildConfigurations = (
				FC35643C815239657418D8C7 /* Debug */,
				A98A5B02356CA91777CD0E9F /* Release */,
			);
			defaultConfigurationIsVisible = 0;
			defaultConfigurationName = Debug;
		};
		BFE4B5CAA4B14C23E2C2DAA2 /* Build configuration list for PBXNativeTarget "SemiTestB" */ = {
			isa = XCConfigurationList;
			buildConfigurations = (
				1D8A4049E71A1071F25E3077 /* Debug */,
				3A8D525A459AFEF149B6DC42 /* Release */,
			);
			defaultConfigurationIsVisible = 0;
			defaultConfigurationName = Debug;
		};
		EA6E9B0F3A72CC4C6ADFF422 /* Build configuration list for PBXNativeTarget "SemiTestA" */ = {
			isa = XCConfigurationList;
			buildConfigurations = (
				8767A44EBC9B44A8665EDF14 /* Debug */,
				3B4AF6D7F0C208E1FC25D758 /* Release */,
			);
			defaultConfigurationIsVisible = 0;
			defaultConfigurationName = Debug;
		};
/* End XCConfigurationList section */
	};
	rootObject = 3A78207CEA4F19CBF69EA232 /* Project object */;
}
